<?xml version="1.0" encoding="utf-8"?>
<Project ToolsVersion="4.0" xmlns="http://schemas.microsoft.com/developer/msbuild/2003">
  <ItemGroup>
    <ClCompile Include="API\DataStructures\Multithreading\DeferThread.cpp" />
    <ClCompile Include="API\DataStructures\Multithreading\DeferThreadWrapper.cpp" />
    <ClCompile Include="API\DataStructures\Multithreading\Thread.cpp" />
    <ClCompile Include="API\DataStructures\Multithreading\ThreadSignals.cpp" />
    <ClCompile Include="API\DataStructures\TaskWrapper.cpp" />
    <ClCompile Include="API\PublicAPI.cpp" />
    <ClCompile Include="ImplDetails\AbstractModule.cpp" />
    <ClCompile Include="ImplDetails\SlotDetails.cpp" />
    <ClCompile Include="ImplDetails\TaskDetails.cpp" />
    <ClCompile Include="Kernel\Kernel\Kernel.cpp" />
    <ClCompile Include="Kernel\ThreadManager.cpp" />
    <ClCompile Include="main.cpp" />
    <ClCompile Include="Kernel\TaskManager.cpp" />
  </ItemGroup>
  <ItemGroup>
    <ClInclude Include="API\DataStructures\Containers\Deque.hpp" />
    <ClInclude Include="API\DataStructures\Containers\HashMap.hpp" />
    <ClInclude Include="API\DataStructures\Containers\HashSet.hpp" />
    <ClInclude Include="API\DataStructures\Containers\List.hpp" />
    <ClInclude Include="API\DataStructures\Containers\Map.hpp" />
    <ClInclude Include="API\DataStructures\Containers\Queue.hpp" />
    <ClInclude Include="API\DataStructures\Containers\Set.hpp" />
    <ClInclude Include="API\DataStructures\Containers\String.hpp" />
    <ClInclude Include="API\DataStructures\Containers\Vector.hpp" />
    <ClInclude Include="API\DataStructures\Multithreading\Atomics.hpp" />
    <ClInclude Include="API\DataStructures\Multithreading\ConditionVariable.hpp" />
    <ClInclude Include="API\DataStructures\Multithreading\DeferThreadWrapper.hpp" />
    <ClInclude Include="API\DataStructures\Multithreading\Mutex.hpp" />
    <ClInclude Include="API\DataStructures\Multithreading\ScopedLock.hpp" />
    <ClInclude Include="API\DataStructures\Multithreading\Thread.hpp" />
    <ClInclude Include="API\DataStructures\Multithreading\ThreadPool.hpp" />
    <ClInclude Include="API\DataStructures\Multithreading\DeferThread.hpp" />
    <ClInclude Include="API\DataStructures\Multithreading\ThreadSignals.hpp" />
    <ClInclude Include="API\DataStructures\Multithreading\UnboundedPriorityBlockingQueue.hpp" />
    <ClInclude Include="API\DataStructures\Multithreading\UniqueLock.hpp" />
    <ClInclude Include="API\DataStructures\Slot.hpp" />
    <ClInclude Include="API\DataStructures\Task.hpp" />
    <ClInclude Include="API\DataStructures\TaskWrapper.hpp" />
    <ClInclude Include="API\PublicAPI.hpp" />
    <ClInclude Include="Config.hpp" />
    <ClInclude Include="ImplDetails\AbstractModule.hpp" />
    <ClInclude Include="ImplDetails\ImplAPI\Errors.hpp" />
    <ClInclude Include="ImplDetails\ImplAPI\KernelAPI.hpp" />
    <ClInclude Include="ImplDetails\MP\Components.hpp" />
    <ClInclude Include="ImplDetails\MP\MPVector.hpp" />
    <ClInclude Include="ImplDetails\SlotDetails.hpp" />
    <ClInclude Include="ImplDetails\TaskDetails.hpp" />
    <ClInclude Include="ImplDetails\Utility.hpp" />
    <ClInclude Include="Kernel\KernelUtilities.hpp" />
    <ClInclude Include="Kernel\Kernel\Kernel.hpp" />
    <ClInclude Include="Kernel\MMU\AlignMMU.hpp" />
    <ClInclude Include="Kernel\MMU\AllocatorBlockMMU.hpp" />
    <ClInclude Include="Kernel\MMU\BlockMMU.hpp" />
    <ClInclude Include="Kernel\MMU\Usings.hpp" />
    <ClInclude Include="Kernel\MMU\VirtualMMU.hpp" />
    <ClInclude Include="Kernel\TaskManager.hpp" />
    <ClInclude Include="Kernel\ThreadManager.hpp" />
  </ItemGroup>
</Project>